
Microsoft Visual Studio Solution File, Format Version 12.00
# Visual Studio 2015
Project("{FAE04EC0-301F-11D3-BF4B-00C04F79EFBC}") = "vrgame.CSharp", "vrgame.CSharp.csproj", "{5E2F9295-3200-BC46-B544-9CB08EBB5514}"
EndProject
Project("{FAE04EC0-301F-11D3-BF4B-00C04F79EFBC}") = "vrgame.CSharp.Editor", "vrgame.CSharp.Editor.csproj", "{45247E8E-9F2E-D136-0967-27A51CAFA094}"
EndProject
Global
	GlobalSection(SolutionConfigurationPlatforms) = preSolution
		Debug|Any CPU = Debug|Any CPU
		Release|Any CPU = Release|Any CPU
	EndGlobalSection
	GlobalSection(ProjectConfigurationPlatforms) = postSolution
		{5E2F9295-3200-BC46-B544-9CB08EBB5514}.Debug|Any CPU.ActiveCfg = Debug|Any CPU
		{5E2F9295-3200-BC46-B544-9CB08EBB5514}.Debug|Any CPU.Build.0 = Debug|Any CPU
		{5E2F9295-3200-BC46-B544-9CB08EBB5514}.Release|Any CPU.ActiveCfg = Release|Any CPU
		{5E2F9295-3200-BC46-B544-9CB08EBB5514}.Release|Any CPU.Build.0 = Release|Any CPU
		{45247E8E-9F2E-D136-0967-27A51CAFA094}.Debug|Any CPU.ActiveCfg = Debug|Any CPU
		{45247E8E-9F2E-D136-0967-27A51CAFA094}.Debug|Any CPU.Build.0 = Debug|Any CPU
		{45247E8E-9F2E-D136-0967-27A51CAFA094}.Release|Any CPU.ActiveCfg = Release|Any CPU
		{45247E8E-9F2E-D136-0967-27A51CAFA094}.Release|Any CPU.Build.0 = Release|Any CPU
	EndGlobalSection
	GlobalSection(SolutionProperties) = preSolution
		HideSolutionNode = FALSE
	EndGlobalSection
EndGlobal
